
Microsoft Visual Studio Solution File, Format Version 12.00
# Visual Studio Version 17
VisualStudioVersion = 17.5.33424.131
MinimumVisualStudioVersion = 10.0.40219.1
Project("{9A19103F-16F7-4668-BE54-9A1E7A4F7556}") = "MyCrudProject.API", "MyCrudProject.API\MyCrudProject.API.csproj", "{E7D184C7-7552-4293-A0C9-42AC3D92D273}"
EndProject
Project("{2150E333-8FDC-42A3-9474-1A3956D46DE8}") = "Solution Items", "Solution Items", "{1FC9417B-8F73-4BAA-B3AB-D5545506977E}"
	ProjectSection(SolutionItems) = preProject
		.editorconfig = .editorconfig
	EndProjectSection
EndProject
Global
	GlobalSection(SolutionConfigurationPlatforms) = preSolution
		Debug|Any CPU = Debug|Any CPU
		Release|Any CPU = Release|Any CPU
	EndGlobalSection
	GlobalSection(ProjectConfigurationPlatforms) = postSolution
		{E7D184C7-7552-4293-A0C9-42AC3D92D273}.Debug|Any CPU.ActiveCfg = Debug|Any CPU
		{E7D184C7-7552-4293-A0C9-42AC3D92D273}.Debug|Any CPU.Build.0 = Debug|Any CPU
		{E7D184C7-7552-4293-A0C9-42AC3D92D273}.Release|Any CPU.ActiveCfg = Release|Any CPU
		{E7D184C7-7552-4293-A0C9-42AC3D92D273}.Release|Any CPU.Build.0 = Release|Any CPU
	EndGlobalSection
	GlobalSection(SolutionProperties) = preSolution
		HideSolutionNode = FALSE
	EndGlobalSection
	GlobalSection(ExtensibilityGlobals) = postSolution
		SolutionGuid = {B1EC9A00-51D7-41AB-B581-44F458C21218}
	EndGlobalSection
EndGlobal
